// !$*UTF8*$!
{
	archiveVersion = 1;
	classes = {
	};
	objectVersion = 46;
	objects = {

/* Begin PBXBuildFile section */
		D487A4FE1F564BCD00FBCFF5 /* main.m in Sources */ = {isa = PBXBuildFile; fileRef = D487A4FD1F564BCD00FBCFF5 /* main.m */; };
		D487A5011F564BCD00FBCFF5 /* AppDelegate.m in Sources */ = {isa = PBXBuildFile; fileRef = D487A5001F564BCD00FBCFF5 /* AppDelegate.m */; };
		D487A5041F564BCD00FBCFF5 /* ViewController.m in Sources */ = {isa = PBXBuildFile; fileRef = D487A5031F564BCD00FBCFF5 /* ViewController.m */; };
		D487A5071F564BCD00FBCFF5 /* Main.storyboard in Resources */ = {isa = PBXBuildFile; fileRef = D487A5051F564BCD00FBCFF5 /* Main.storyboard */; };
		D487A5091F564BCD00FBCFF5 /* Assets.xcassets in Resources */ = {isa = PBXBuildFile; fileRef = D487A5081F564BCD00FBCFF5 /* Assets.xcassets */; };
		D487A50C1F564BCD00FBCFF5 /* LaunchScreen.storyboard in Resources */ = {isa = PBXBuildFile; fileRef = D487A50A1F564BCD00FBCFF5 /* LaunchScreen.storyboard */; };
		D487A5161F5664D500FBCFF5 /* TYRZSDK.framework in Frameworks */ = {isa = PBXBuildFile; fileRef = D487A5151F5664D500FBCFF5 /* TYRZSDK.framework */; };
/* End PBXBuildFile section */

/* Begin PBXFileReference section */
		D487A4F91F564BCD00FBCFF5 /* TYYZDemo.app */ = {isa = PBXFileReference; explicitFileType = wrapper.application; includeInIndex = 0; path = TYYZDemo.app; sourceTree = BUILT_PRODUCTS_DIR; };
		D487A4FD1F564BCD00FBCFF5 /* main.m */ = {isa = PBXFileReference; lastKnownFileType = sourcecode.c.objc; path = main.m; sourceTree = "<group>"; };
		D487A4FF1F564BCD00FBCFF5 /* AppDelegate.h */ = {isa = PBXFileReference; lastKnownFileType = sourcecode.c.h; path = AppDelegate.h; sourceTree = "<group>"; };
		D487A5001F564BCD00FBCFF5 /* AppDelegate.m */ = {isa = PBXFileReference; lastKnownFileType = sourcecode.c.objc; path = AppDelegate.m; sourceTree = "<group>"; };
		D487A5021F564BCD00FBCFF5 /* ViewController.h */ = {isa = PBXFileReference; lastKnownFileType = sourcecode.c.h; path = ViewController.h; sourceTree = "<group>"; };
		D487A5031F564BCD00FBCFF5 /* ViewController.m */ = {isa = PBXFileReference; lastKnownFileType = sourcecode.c.objc; path = ViewController.m; sourceTree = "<group>"; };
		D487A5061F564BCD00FBCFF5 /* Base */ = {isa = PBXFileReference; lastKnownFileType = file.storyboard; name = Base; path = Base.lproj/Main.storyboard; sourceTree = "<group>"; };
		D487A5081F564BCD00FBCFF5 /* Assets.xcassets */ = {isa = PBXFileReference; lastKnownFileType = folder.assetcatalog; path = Assets.xcassets; sourceTree = "<group>"; };
		D487A50B1F564BCD00FBCFF5 /* Base */ = {isa = PBXFileReference; lastKnownFileType = file.storyboard; name = Base; path = Base.lproj/LaunchScreen.storyboard; sourceTree = "<group>"; };
		D487A50D1F564BCD00FBCFF5 /* Info.plist */ = {isa = PBXFileReference; lastKnownFileType = text.plist.xml; path = Info.plist; sourceTree = "<group>"; };
		D487A5151F5664D500FBCFF5 /* TYRZSDK.framework */ = {isa = PBXFileReference; lastKnownFileType = wrapper.framework; path = TYRZSDK.framework; sourceTree = "<group>"; };
		D487A5171F57BA1500FBCFF5 /* UAEnum.h */ = {isa = PBXFileReference; lastKnownFileType = sourcecode.c.h; path = UAEnum.h; sourceTree = "<group>"; };
/* End PBXFileReference section */

/* Begin PBXFrameworksBuildPhase section */
		D487A4F61F564BCD00FBCFF5 /* Frameworks */ = {
			isa = PBXFrameworksBuildPhase;
			buildActionMask = 2147483647;
			files = (
				D487A5161F5664D500FBCFF5 /* TYRZSDK.framework in Frameworks */,
			);
			runOnlyForDeploymentPostprocessing = 0;
		};
/* End PBXFrameworksBuildPhase section */

/* Begin PBXGroup section */
		D487A4F01F564BCD00FBCFF5 = {
			isa = PBXGroup;
			children = (
				D487A4FB1F564BCD00FBCFF5 /* TYYZDemo */,
				D487A4FA1F564BCD00FBCFF5 /* Products */,
			);
			sourceTree = "<group>";
		};
		D487A4FA1F564BCD00FBCFF5 /* Products */ = {
			isa = PBXGroup;
			children = (
				D487A4F91F564BCD00FBCFF5 /* TYYZDemo.app */,
			);
			name = Products;
			sourceTree = "<group>";
		};
		D487A4FB1F564BCD00FBCFF5 /* TYYZDemo */ = {
			isa = PBXGroup;
			children = (
				D487A5151F5664D500FBCFF5 /* TYRZSDK.framework */,
				D487A4FF1F564BCD00FBCFF5 /* AppDelegate.h */,
				D487A5001F564BCD00FBCFF5 /* AppDelegate.m */,
				D487A5171F57BA1500FBCFF5 /* UAEnum.h */,
				D487A5021F564BCD00FBCFF5 /* ViewController.h */,
				D487A5031F564BCD00FBCFF5 /* ViewController.m */,
				D487A5051F564BCD00FBCFF5 /* Main.storyboard */,
				D487A5081F564BCD00FBCFF5 /* Assets.xcassets */,
				D487A50A1F564BCD00FBCFF5 /* LaunchScreen.storyboard */,
				D487A50D1F564BCD00FBCFF5 /* Info.plist */,
				D487A4FC1F564BCD00FBCFF5 /* Supporting Files */,
			);
			path = TYYZDemo;
			sourceTree = "<group>";
		};
		D487A4FC1F564BCD00FBCFF5 /* Supporting Files */ = {
			isa = PBXGroup;
			children = (
				D487A4FD1F564BCD00FBCFF5 /* main.m */,
			);
			name = "Supporting Files";
			sourceTree = "<group>";
		};
/* End PBXGroup section */

/* Begin PBXNativeTarget section */
		D487A4F81F564BCD00FBCFF5 /* TYYZDemo */ = {
			isa = PBXNativeTarget;
			buildConfigurationList = D487A5101F564BCD00FBCFF5 /* Build configuration list for PBXNativeTarget "TYYZDemo" */;
			buildPhases = (
				D487A4F51F564BCD00FBCFF5 /* Sources */,
				D487A4F61F564BCD00FBCFF5 /* Frameworks */,
				D487A4F71F564BCD00FBCFF5 /* Resources */,
			);
			buildRules = (
			);
			dependencies = (
			);
			name = TYYZDemo;
			productName = TYYZDemo;
			productReference = D487A4F91F564BCD00FBCFF5 /* TYYZDemo.app */;
			productType = "com.apple.product-type.application";
		};
/* End PBXNativeTarget section */

/* Begin PBXProject section */
		D487A4F11F564BCD00FBCFF5 /* Project object */ = {
			isa = PBXProject;
			attributes = {
				LastUpgradeCheck = 0830;
				ORGANIZATIONNAME = "嚼华";
				TargetAttributes = {
					D487A4F81F564BCD00FBCFF5 = {
						CreatedOnToolsVersion = 8.3.3;
						DevelopmentTeam = 2TUDRV555A;
						ProvisioningStyle = Automatic;
					};
				};
			};
			buildConfigurationList = D487A4F41F564BCD00FBCFF5 /* Build configuration list for PBXProject "TYYZDemo" */;
			compatibilityVersion = "Xcode 3.2";
			developmentRegion = English;
			hasScannedForEncodings = 0;
			knownRegions = (
				en,
				Base,
			);
			mainGroup = D487A4F01F564BCD00FBCFF5;
			productRefGroup = D487A4FA1F564BCD00FBCFF5 /* Products */;
			projectDirPath = "";
			projectRoot = "";
			targets = (
				D487A4F81F564BCD00FBCFF5 /* TYYZDemo */,
			);
		};
/* End PBXProject section */

/* Begin PBXResourcesBuildPhase section */
		D487A4F71F564BCD00FBCFF5 /* Resources */ = {
			isa = PBXResourcesBuildPhase;
			buildActionMask = 2147483647;
			files = (
				D487A50C1F564BCD00FBCFF5 /* LaunchScreen.storyboard in Resources */,
				D487A5091F564BCD00FBCFF5 /* Assets.xcassets in Resources */,
				D487A5071F564BCD00FBCFF5 /* Main.storyboard in Resources */,
			);
			runOnlyForDeploymentPostprocessing = 0;
		};
/* End PBXResourcesBuildPhase section */

/* Begin PBXSourcesBuildPhase section */
		D487A4F51F564BCD00FBCFF5 /* Sources */ = {
			isa = PBXSourcesBuildPhase;
			buildActionMask = 2147483647;
			files = (
				D487A5041F564BCD00FBCFF5 /* ViewController.m in Sources */,
				D487A5011F564BCD00FBCFF5 /* AppDelegate.m in Sources */,
				D487A4FE1F564BCD00FBCFF5 /* main.m in Sources */,
			);
			runOnlyForDeploymentPostprocessing = 0;
		};
/* End PBXSourcesBuildPhase section */

/* Begin PBXVariantGroup section */
		D487A5051F564BCD00FBCFF5 /* Main.storyboard */ = {
			isa = PBXVariantGroup;
			children = (
				D487A5061F564BCD00FBCFF5 /* Base */,
			);
			name = Main.storyboard;
			sourceTree = "<group>";
		};
		D487A50A1F564BCD00FBCFF5 /* LaunchScreen.storyboard */ = {
			isa = PBXVariantGroup;
			children = (
				D487A50B1F564BCD00FBCFF5 /* Base */,
			);
			name = LaunchScreen.storyboard;
			sourceTree = "<group>";
		};
/* End PBXVariantGroup section */

/* Begin XCBuildConfiguration section */
		D487A50E1F564BCD00FBCFF5 /* Debug */ = {
			isa = XCBuildConfiguration;
			buildSettings = {
				ALWAYS_SEARCH_USER_PATHS = NO;
				CLANG_ANALYZER_NONNULL = YES;
				CLANG_ANALYZER_NUMBER_OBJECT_CONVERSION = YES_AGGRESSIVE;
				CLANG_CXX_LANGUAGE_STANDARD = "gnu++0x";
				CLANG_CXX_LIBRARY = "libc++";
				CLANG_ENABLE_MODULES = YES;
				CLANG_ENABLE_OBJC_ARC = YES;
				CLANG_WARN_BOOL_CONVERSION = YES;
				CLANG_WARN_CONSTANT_CONVERSION = YES;
				CLANG_WARN_DIRECT_OBJC_ISA_USAGE = YES_ERROR;
				CLANG_WARN_DOCUMENTATION_COMMENTS = YES;
				CLANG_WARN_EMPTY_BODY = YES;
				CLANG_WARN_ENUM_CONVERSION = YES;
				CLANG_WARN_INFINITE_RECURSION = YES;
				CLANG_WARN_INT_CONVERSION = YES;
				CLANG_WARN_OBJC_ROOT_CLASS = YES_ERROR;
				CLANG_WARN_SUSPICIOUS_MOVE = YES;
				CLANG_WARN_UNREACHABLE_CODE = YES;
				CLANG_WARN__DUPLICATE_METHOD_MATCH = YES;
				"CODE_SIGN_IDENTITY[sdk=iphoneos*]" = "iPhone Developer";
				COPY_PHASE_STRIP = NO;
				DEBUG_INFORMATION_FORMAT = dwarf;
				ENABLE_BITCODE = NO;
				ENABLE_STRICT_OBJC_MSGSEND = YES;
				ENABLE_TESTABILITY = YES;
				GCC_C_LANGUAGE_STANDARD = gnu99;
				GCC_DYNAMIC_NO_PIC = NO;
				GCC_NO_COMMON_BLOCKS = YES;
				GCC_OPTIMIZATION_LEVEL = 0;
				GCC_PREPROCESSOR_DEFINITIONS = (
					"DEBUG=1",
					"$(inherited)",
				);
				GCC_WARN_64_TO_32_BIT_CONVERSION = YES;
				GCC_WARN_ABOUT_RETURN_TYPE = YES_ERROR;
				GCC_WARN_UNDECLARED_SELECTOR = YES;
				GCC_WARN_UNINITIALIZED_AUTOS = YES_AGGRESSIVE;
				GCC_WARN_UNUSED_FUNCTION = YES;
				GCC_WARN_UNUSED_VARIABLE = YES;
				IPHONEOS_DEPLOYMENT_TARGET = 10.3;
				MTL_ENABLE_DEBUG_INFO = YES;
				ONLY_ACTIVE_ARCH = YES;
				OTHER_LDFLAGS = "-ObjC";
				SDKROOT = iphoneos;
			};
			name = Debug;
		};
		D487A50F1F564BCD00FBCFF5 /* Release */ = {
			isa = XCBuildConfiguration;
			buildSettings = {
				ALWAYS_SEARCH_USER_PATHS = NO;
				CLANG_ANALYZER_NONNULL = YES;
				CLANG_ANALYZER_NUMBER_OBJECT_CONVERSION = YES_AGGRESSIVE;
				CLANG_CXX_LANGUAGE_STANDARD = "gnu++0x";
				CLANG_CXX_LIBRARY = "libc++";
				CLANG_ENABLE_MODULES = YES;
				CLANG_ENABLE_OBJC_ARC = YES;
				CLANG_WARN_BOOL_CONVERSION = YES;
				CLANG_WARN_CONSTANT_CONVERSION = YES;
				CLANG_WARN_DIRECT_OBJC_ISA_USAGE = YES_ERROR;
				CLANG_WARN_DOCUMENTATION_COMMENTS = YES;
				CLANG_WARN_EMPTY_BODY = YES;
				CLANG_WARN_ENUM_CONVERSION = YES;
				CLANG_WARN_INFINITE_RECURSION = YES;
				CLANG_WARN_INT_CONVERSION = YES;
				CLANG_WARN_OBJC_ROOT_CLASS = YES_ERROR;
				CLANG_WARN_SUSPICIOUS_MOVE = YES;
				CLANG_WARN_UNREACHABLE_CODE = YES;
				CLANG_WARN__DUPLICATE_METHOD_MATCH = YES;
				"CODE_SIGN_IDENTITY[sdk=iphoneos*]" = "iPhone Developer";
				COPY_PHASE_STRIP = NO;
				DEBUG_INFORMATION_FORMAT = "dwarf-with-dsym";
				ENABLE_BITCODE = NO;
				ENABLE_NS_ASSERTIONS = NO;
				ENABLE_STRICT_OBJC_MSGSEND = YES;
				GCC_C_LANGUAGE_STANDARD = gnu99;
				GCC_NO_COMMON_BLOCKS = YES;
				GCC_WARN_64_TO_32_BIT_CONVERSION = YES;
				GCC_WARN_ABOUT_RETURN_TYPE = YES_ERROR;
				GCC_WARN_UNDECLARED_SELECTOR = YES;
				GCC_WARN_UNINITIALIZED_AUTOS = YES_AGGRESSIVE;
				GCC_WARN_UNUSED_FUNCTION = YES;
				GCC_WARN_UNUSED_VARIABLE = YES;
				IPHONEOS_DEPLOYMENT_TARGET = 10.3;
				MTL_ENABLE_DEBUG_INFO = NO;
				OTHER_LDFLAGS = "-ObjC";
				SDKROOT = iphoneos;
				VALIDATE_PRODUCT = YES;
			};
			name = Release;
		};
		D487A5111F564BCD00FBCFF5 /* Debug */ = {
			isa = XCBuildConfiguration;
			buildSettings = {
				ASSETCATALOG_COMPILER_APPICON_NAME = AppIcon;
				DEVELOPMENT_TEAM = 2TUDRV555A;
				FRAMEWORK_SEARCH_PATHS = (
					"$(inherited)",
					"$(PROJECT_DIR)/TYYZDemo",
				);
				INFOPLIST_FILE = TYYZDemo/Info.plist;
				IPHONEOS_DEPLOYMENT_TARGET = 10.3;
				LD_RUNPATH_SEARCH_PATHS = "$(inherited) @executable_path/Frameworks";
				OTHER_LDFLAGS = "-ObjC";
				PRODUCT_BUNDLE_IDENTIFIER = LZH.TYYZDemo;
				PRODUCT_NAME = "$(TARGET_NAME)";
			};
			name = Debug;
		};
		D487A5121F564BCD00FBCFF5 /* Release */ = {
			isa = XCBuildConfiguration;
			buildSettings = {
				ASSETCATALOG_COMPILER_APPICON_NAME = AppIcon;
				DEVELOPMENT_TEAM = 2TUDRV555A;
				FRAMEWORK_SEARCH_PATHS = (
					"$(inherited)",
					"$(PROJECT_DIR)/TYYZDemo",
				);
				INFOPLIST_FILE = TYYZDemo/Info.plist;
				IPHONEOS_DEPLOYMENT_TARGET = 10.3;
				LD_RUNPATH_SEARCH_PATHS = "$(inherited) @executable_path/Frameworks";
				OTHER_LDFLAGS = "-ObjC";
				PRODUCT_BUNDLE_IDENTIFIER = LZH.TYYZDemo;
				PRODUCT_NAME = "$(TARGET_NAME)";
			};
			name = Release;
		};
/* End XCBuildConfiguration section */

/* Begin XCConfigurationList section */
		D487A4F41F564BCD00FBCFF5 /* Build configuration list for PBXProject "TYYZDemo" */ = {
			isa = XCConfigurationList;
			buildConfigurations = (
				D487A50E1F564BCD00FBCFF5 /* Debug */,
				D487A50F1F564BCD00FBCFF5 /* Release */,
			);
			defaultConfigurationIsVisible = 0;
			defaultConfigurationName = Release;
		};
		D487A5101F564BCD00FBCFF5 /* Build configuration list for PBXNativeTarget "TYYZDemo" */ = {
			isa = XCConfigurationList;
			buildConfigurations = (
				D487A5111F564BCD00FBCFF5 /* Debug */,
				D487A5121F564BCD00FBCFF5 /* Release */,
			);
			defaultConfigurationIsVisible = 0;
			defaultConfigurationName = Release;
		};
/* End XCConfigurationList section */
	};
	rootObject = D487A4F11F564BCD00FBCFF5 /* Project object */;
}
